<?xml version="1.0" encoding="utf-8"?>
<Project ToolsVersion="16.0" xmlns="http://schemas.microsoft.com/developer/msbuild/2003">
  <ItemGroup>
    <ClCompile Include="..\..\cJSON-1.7.11\tests\print_array.c">
      <Filter>Source Files</Filter>
    </ClCompile>
    <ClCompile Include="..\..\cJSON-1.7.11\tests\unity_setup.c">
      <Filter>Source Files</Filter>
    </ClCompile>
  </ItemGroup>
  <ItemGroup>
    <Filter Include="Source Files">
      <UniqueIdentifier>{61D961E9-A6CF-3439-B030-FD0D6F31C3B6}</UniqueIdentifier>
    </Filter>
  </ItemGroup>
</Project>