Microsoft Visual Studio Solution File, Format Version 12.00
# Visual Studio Version 16
VisualStudioVersion = 16.0.28803.352
MinimumVisualStudioVersion = 10.0.40219.1
Project("{8BC9CEB8-8B4A-11D0-8D11-00A0C91BC942}") = "cJSON_test", "cJSON_test.vcxproj", "{E688EC4A-CEAE-3C55-854B-9BCB5C2E023D}"
	ProjectSection(ProjectDependencies) = postProject
		{8558ADC0-6563-3CCE-9635-FA6D8D4043DF} = {8558ADC0-6563-3CCE-9635-FA6D8D4043DF}
	EndProjectSection
EndProject
Project("{8BC9CEB8-8B4A-11D0-8D11-00A0C91BC942}") = "cjson", "cjson.vcxproj", "{8558ADC0-6563-3CCE-9635-FA6D8D4043DF}"
EndProject
Project("{8BC9CEB8-8B4A-11D0-8D11-00A0C91BC942}") = "cjson-static", "cjson-static.vcxproj", "{1E8F7726-B1CB-308D-B448-198C8B36B116}"
EndProject
Project("{8BC9CEB8-8B4A-11D0-8D11-00A0C91BC942}") = "cjson_add", "tests\cjson_add.vcxproj", "{7EE08536-FAF5-3DFC-B134-7A945600ED59}"
	ProjectSection(ProjectDependencies) = postProject
		{8558ADC0-6563-3CCE-9635-FA6D8D4043DF} = {8558ADC0-6563-3CCE-9635-FA6D8D4043DF}
		{9D7BA2AA-0C90-3479-BE96-347A03C675CB} = {9D7BA2AA-0C90-3479-BE96-347A03C675CB}
	EndProjectSection
EndProject
Project("{8BC9CEB8-8B4A-11D0-8D11-00A0C91BC942}") = "cjson_utils", "cjson_utils.vcxproj", "{86AAD3DB-07E4-39E3-92A6-EFDD57EA8761}"
	ProjectSection(ProjectDependencies) = postProject
		{8558ADC0-6563-3CCE-9635-FA6D8D4043DF} = {8558ADC0-6563-3CCE-9635-FA6D8D4043DF}
	EndProjectSection
EndProject
Project("{8BC9CEB8-8B4A-11D0-8D11-00A0C91BC942}") = "cjson_utils-static", "cjson_utils-static.vcxproj", "{8E9B3798-605B-38C5-8ED1-8E021C5B23F6}"
	ProjectSection(ProjectDependencies) = postProject
		{1E8F7726-B1CB-308D-B448-198C8B36B116} = {1E8F7726-B1CB-308D-B448-198C8B36B116}
	EndProjectSection
EndProject
Project("{8BC9CEB8-8B4A-11D0-8D11-00A0C91BC942}") = "compare_tests", "tests\compare_tests.vcxproj", "{6557C97B-E02F-38D8-9C4E-0987622C4357}"
	ProjectSection(ProjectDependencies) = postProject
		{8558ADC0-6563-3CCE-9635-FA6D8D4043DF} = {8558ADC0-6563-3CCE-9635-FA6D8D4043DF}
		{9D7BA2AA-0C90-3479-BE96-347A03C675CB} = {9D7BA2AA-0C90-3479-BE96-347A03C675CB}
	EndProjectSection
EndProject
Project("{8BC9CEB8-8B4A-11D0-8D11-00A0C91BC942}") = "json_patch_tests", "tests\json_patch_tests.vcxproj", "{E98350C7-1086-31D9-9DA7-D0420767B2CA}"
	ProjectSection(ProjectDependencies) = postProject
		{8558ADC0-6563-3CCE-9635-FA6D8D4043DF} = {8558ADC0-6563-3CCE-9635-FA6D8D4043DF}
		{86AAD3DB-07E4-39E3-92A6-EFDD57EA8761} = {86AAD3DB-07E4-39E3-92A6-EFDD57EA8761}
		{9D7BA2AA-0C90-3479-BE96-347A03C675CB} = {9D7BA2AA-0C90-3479-BE96-347A03C675CB}
	EndProjectSection
EndProject
Project("{8BC9CEB8-8B4A-11D0-8D11-00A0C91BC942}") = "minify_tests", "tests\minify_tests.vcxproj", "{EFD96831-A346-3438-8D35-80DDDD3144F0}"
	ProjectSection(ProjectDependencies) = postProject
		{8558ADC0-6563-3CCE-9635-FA6D8D4043DF} = {8558ADC0-6563-3CCE-9635-FA6D8D4043DF}
		{9D7BA2AA-0C90-3479-BE96-347A03C675CB} = {9D7BA2AA-0C90-3479-BE96-347A03C675CB}
	EndProjectSection
EndProject
Project("{8BC9CEB8-8B4A-11D0-8D11-00A0C91BC942}") = "misc_tests", "tests\misc_tests.vcxproj", "{A0E8953A-0965-3B54-961F-8B4714FC58F3}"
	ProjectSection(ProjectDependencies) = postProject
		{8558ADC0-6563-3CCE-9635-FA6D8D4043DF} = {8558ADC0-6563-3CCE-9635-FA6D8D4043DF}
		{9D7BA2AA-0C90-3479-BE96-347A03C675CB} = {9D7BA2AA-0C90-3479-BE96-347A03C675CB}
	EndProjectSection
EndProject
Project("{8BC9CEB8-8B4A-11D0-8D11-00A0C91BC942}") = "misc_utils_tests", "tests\misc_utils_tests.vcxproj", "{B56EEC2C-21C2-3A7F-9324-01B61C157055}"
	ProjectSection(ProjectDependencies) = postProject
		{8558ADC0-6563-3CCE-9635-FA6D8D4043DF} = {8558ADC0-6563-3CCE-9635-FA6D8D4043DF}
		{86AAD3DB-07E4-39E3-92A6-EFDD57EA8761} = {86AAD3DB-07E4-39E3-92A6-EFDD57EA8761}
		{9D7BA2AA-0C90-3479-BE96-347A03C675CB} = {9D7BA2AA-0C90-3479-BE96-347A03C675CB}
	EndProjectSection
EndProject
Project("{8BC9CEB8-8B4A-11D0-8D11-00A0C91BC942}") = "old_utils_tests", "tests\old_utils_tests.vcxproj", "{0FE619AC-47C5-334B-95C4-C9B0BE1DF160}"
	ProjectSection(ProjectDependencies) = postProject
		{8558ADC0-6563-3CCE-9635-FA6D8D4043DF} = {8558ADC0-6563-3CCE-9635-FA6D8D4043DF}
		{86AAD3DB-07E4-39E3-92A6-EFDD57EA8761} = {86AAD3DB-07E4-39E3-92A6-EFDD57EA8761}
		{9D7BA2AA-0C90-3479-BE96-347A03C675CB} = {9D7BA2AA-0C90-3479-BE96-347A03C675CB}
	EndProjectSection
EndProject
Project("{8BC9CEB8-8B4A-11D0-8D11-00A0C91BC942}") = "parse_array", "tests\parse_array.vcxproj", "{1D73CA3E-D0AB-3005-A451-AE2374A772B2}"
	ProjectSection(ProjectDependencies) = postProject
		{8558ADC0-6563-3CCE-9635-FA6D8D4043DF} = {8558ADC0-6563-3CCE-9635-FA6D8D4043DF}
		{9D7BA2AA-0C90-3479-BE96-347A03C675CB} = {9D7BA2AA-0C90-3479-BE96-347A03C675CB}
	EndProjectSection
EndProject
Project("{8BC9CEB8-8B4A-11D0-8D11-00A0C91BC942}") = "parse_examples", "tests\parse_examples.vcxproj", "{1A3F62CA-7C6A-3657-A790-83852622E76D}"
	ProjectSection(ProjectDependencies) = postProject
		{8558ADC0-6563-3CCE-9635-FA6D8D4043DF} = {8558ADC0-6563-3CCE-9635-FA6D8D4043DF}
		{9D7BA2AA-0C90-3479-BE96-347A03C675CB} = {9D7BA2AA-0C90-3479-BE96-347A03C675CB}
	EndProjectSection
EndProject
Project("{8BC9CEB8-8B4A-11D0-8D11-00A0C91BC942}") = "parse_hex4", "tests\parse_hex4.vcxproj", "{FE6C7135-FB7A-375F-9C19-BC51ACF0FA5F}"
	ProjectSection(ProjectDependencies) = postProject
		{8558ADC0-6563-3CCE-9635-FA6D8D4043DF} = {8558ADC0-6563-3CCE-9635-FA6D8D4043DF}
		{9D7BA2AA-0C90-3479-BE96-347A03C675CB} = {9D7BA2AA-0C90-3479-BE96-347A03C675CB}
	EndProjectSection
EndProject
Project("{8BC9CEB8-8B4A-11D0-8D11-00A0C91BC942}") = "parse_number", "tests\parse_number.vcxproj", "{B7430226-83F9-3C49-999A-665FD4A344A1}"
	ProjectSection(ProjectDependencies) = postProject
		{8558ADC0-6563-3CCE-9635-FA6D8D4043DF} = {8558ADC0-6563-3CCE-9635-FA6D8D4043DF}
		{9D7BA2AA-0C90-3479-BE96-347A03C675CB} = {9D7BA2AA-0C90-3479-BE96-347A03C675CB}
	EndProjectSection
EndProject
Project("{8BC9CEB8-8B4A-11D0-8D11-00A0C91BC942}") = "parse_object", "tests\parse_object.vcxproj", "{2F411BC9-ED00-3F19-B88E-E27963BD049A}"
	ProjectSection(ProjectDependencies) = postProject
		{8558ADC0-6563-3CCE-9635-FA6D8D4043DF} = {8558ADC0-6563-3CCE-9635-FA6D8D4043DF}
		{9D7BA2AA-0C90-3479-BE96-347A03C675CB} = {9D7BA2AA-0C90-3479-BE96-347A03C675CB}
	EndProjectSection
EndProject
Project("{8BC9CEB8-8B4A-11D0-8D11-00A0C91BC942}") = "parse_string", "tests\parse_string.vcxproj", "{2EF7BAA3-07BE-34F8-A2A1-CBCFB974549F}"
	ProjectSection(ProjectDependencies) = postProject
		{8558ADC0-6563-3CCE-9635-FA6D8D4043DF} = {8558ADC0-6563-3CCE-9635-FA6D8D4043DF}
		{9D7BA2AA-0C90-3479-BE96-347A03C675CB} = {9D7BA2AA-0C90-3479-BE96-347A03C675CB}
	EndProjectSection
EndProject
Project("{8BC9CEB8-8B4A-11D0-8D11-00A0C91BC942}") = "parse_value", "tests\parse_value.vcxproj", "{B3220396-7943-3097-9459-AA966C6D1386}"
	ProjectSection(ProjectDependencies) = postProject
		{8558ADC0-6563-3CCE-9635-FA6D8D4043DF} = {8558ADC0-6563-3CCE-9635-FA6D8D4043DF}
		{9D7BA2AA-0C90-3479-BE96-347A03C675CB} = {9D7BA2AA-0C90-3479-BE96-347A03C675CB}
	EndProjectSection
EndProject
Project("{8BC9CEB8-8B4A-11D0-8D11-00A0C91BC942}") = "parse_with_opts", "tests\parse_with_opts.vcxproj", "{624CB80B-2849-3442-AD46-DDC0982B7E08}"
	ProjectSection(ProjectDependencies) = postProject
		{8558ADC0-6563-3CCE-9635-FA6D8D4043DF} = {8558ADC0-6563-3CCE-9635-FA6D8D4043DF}
		{9D7BA2AA-0C90-3479-BE96-347A03C675CB} = {9D7BA2AA-0C90-3479-BE96-347A03C675CB}
	EndProjectSection
EndProject
Project("{8BC9CEB8-8B4A-11D0-8D11-00A0C91BC942}") = "print_array", "tests\print_array.vcxproj", "{5653A0BF-78E0-3B08-873C-42E656F1C2D3}"
	ProjectSection(ProjectDependencies) = postProject
		{8558ADC0-6563-3CCE-9635-FA6D8D4043DF} = {8558ADC0-6563-3CCE-9635-FA6D8D4043DF}
		{9D7BA2AA-0C90-3479-BE96-347A03C675CB} = {9D7BA2AA-0C90-3479-BE96-347A03C675CB}
	EndProjectSection
EndProject
Project("{8BC9CEB8-8B4A-11D0-8D11-00A0C91BC942}") = "print_number", "tests\print_number.vcxproj", "{9ADBC2E2-C4FF-3B37-AD23-C1D61F368502}"
	ProjectSection(ProjectDependencies) = postProject
		{8558ADC0-6563-3CCE-9635-FA6D8D4043DF} = {8558ADC0-6563-3CCE-9635-FA6D8D4043DF}
		{9D7BA2AA-0C90-3479-BE96-347A03C675CB} = {9D7BA2AA-0C90-3479-BE96-347A03C675CB}
	EndProjectSection
EndProject
Project("{8BC9CEB8-8B4A-11D0-8D11-00A0C91BC942}") = "print_object", "tests\print_object.vcxproj", "{9610E044-ED81-3610-AD0B-24E7D01EB370}"
	ProjectSection(ProjectDependencies) = postProject
		{8558ADC0-6563-3CCE-9635-FA6D8D4043DF} = {8558ADC0-6563-3CCE-9635-FA6D8D4043DF}
		{9D7BA2AA-0C90-3479-BE96-347A03C675CB} = {9D7BA2AA-0C90-3479-BE96-347A03C675CB}
	EndProjectSection
EndProject
Project("{8BC9CEB8-8B4A-11D0-8D11-00A0C91BC942}") = "print_string", "tests\print_string.vcxproj", "{A743C0E4-E795-3C2D-8AC0-DFD18B85DA05}"
	ProjectSection(ProjectDependencies) = postProject
		{8558ADC0-6563-3CCE-9635-FA6D8D4043DF} = {8558ADC0-6563-3CCE-9635-FA6D8D4043DF}
		{9D7BA2AA-0C90-3479-BE96-347A03C675CB} = {9D7BA2AA-0C90-3479-BE96-347A03C675CB}
	EndProjectSection
EndProject
Project("{8BC9CEB8-8B4A-11D0-8D11-00A0C91BC942}") = "print_value", "tests\print_value.vcxproj", "{A292F2A5-CC84-39FB-84DD-C20F1BE4552B}"
	ProjectSection(ProjectDependencies) = postProject
		{8558ADC0-6563-3CCE-9635-FA6D8D4043DF} = {8558ADC0-6563-3CCE-9635-FA6D8D4043DF}
		{9D7BA2AA-0C90-3479-BE96-347A03C675CB} = {9D7BA2AA-0C90-3479-BE96-347A03C675CB}
	EndProjectSection
EndProject
Project("{8BC9CEB8-8B4A-11D0-8D11-00A0C91BC942}") = "readme_examples", "tests\readme_examples.vcxproj", "{BB618B20-D6DE-3AFF-A0BB-A05443A7D7DC}"
	ProjectSection(ProjectDependencies) = postProject
		{8558ADC0-6563-3CCE-9635-FA6D8D4043DF} = {8558ADC0-6563-3CCE-9635-FA6D8D4043DF}
		{9D7BA2AA-0C90-3479-BE96-347A03C675CB} = {9D7BA2AA-0C90-3479-BE96-347A03C675CB}
	EndProjectSection
EndProject
Project("{8BC9CEB8-8B4A-11D0-8D11-00A0C91BC942}") = "unity", "tests\unity.vcxproj", "{9D7BA2AA-0C90-3479-BE96-347A03C675CB}"
EndProject
Project("{2150E333-8FDC-42A3-9474-1A3956D46DE8}") = "tests", "tests", "{EB8567FC-4077-4A92-A572-7968EC9EC57D}"
EndProject
Global
	GlobalSection(SolutionConfigurationPlatforms) = preSolution
		Debug|Win32 = Debug|Win32
		Release|Win32 = Release|Win32
	EndGlobalSection
	GlobalSection(ProjectConfigurationPlatforms) = postSolution
		{E688EC4A-CEAE-3C55-854B-9BCB5C2E023D}.Debug|Win32.ActiveCfg = Debug|Win32
		{E688EC4A-CEAE-3C55-854B-9BCB5C2E023D}.Debug|Win32.Build.0 = Debug|Win32
		{E688EC4A-CEAE-3C55-854B-9BCB5C2E023D}.Release|Win32.ActiveCfg = Release|Win32
		{E688EC4A-CEAE-3C55-854B-9BCB5C2E023D}.Release|Win32.Build.0 = Release|Win32
		{8558ADC0-6563-3CCE-9635-FA6D8D4043DF}.Debug|Win32.ActiveCfg = Debug|Win32
		{8558ADC0-6563-3CCE-9635-FA6D8D4043DF}.Debug|Win32.Build.0 = Debug|Win32
		{8558ADC0-6563-3CCE-9635-FA6D8D4043DF}.Release|Win32.ActiveCfg = Release|Win32
		{8558ADC0-6563-3CCE-9635-FA6D8D4043DF}.Release|Win32.Build.0 = Release|Win32
		{1E8F7726-B1CB-308D-B448-198C8B36B116}.Debug|Win32.ActiveCfg = Debug|Win32
		{1E8F7726-B1CB-308D-B448-198C8B36B116}.Debug|Win32.Build.0 = Debug|Win32
		{1E8F7726-B1CB-308D-B448-198C8B36B116}.Release|Win32.ActiveCfg = Release|Win32
		{1E8F7726-B1CB-308D-B448-198C8B36B116}.Release|Win32.Build.0 = Release|Win32
		{7EE08536-FAF5-3DFC-B134-7A945600ED59}.Debug|Win32.ActiveCfg = Debug|Win32
		{7EE08536-FAF5-3DFC-B134-7A945600ED59}.Debug|Win32.Build.0 = Debug|Win32
		{7EE08536-FAF5-3DFC-B134-7A945600ED59}.Release|Win32.ActiveCfg = Release|Win32
		{7EE08536-FAF5-3DFC-B134-7A945600ED59}.Release|Win32.Build.0 = Release|Win32
		{86AAD3DB-07E4-39E3-92A6-EFDD57EA8761}.Debug|Win32.ActiveCfg = Debug|Win32
		{86AAD3DB-07E4-39E3-92A6-EFDD57EA8761}.Debug|Win32.Build.0 = Debug|Win32
		{86AAD3DB-07E4-39E3-92A6-EFDD57EA8761}.Release|Win32.ActiveCfg = Release|Win32
		{86AAD3DB-07E4-39E3-92A6-EFDD57EA8761}.Release|Win32.Build.0 = Release|Win32
		{8E9B3798-605B-38C5-8ED1-8E021C5B23F6}.Debug|Win32.ActiveCfg = Debug|Win32
		{8E9B3798-605B-38C5-8ED1-8E021C5B23F6}.Debug|Win32.Build.0 = Debug|Win32
		{8E9B3798-605B-38C5-8ED1-8E021C5B23F6}.Release|Win32.ActiveCfg = Release|Win32
		{8E9B3798-605B-38C5-8ED1-8E021C5B23F6}.Release|Win32.Build.0 = Release|Win32
		{6557C97B-E02F-38D8-9C4E-0987622C4357}.Debug|Win32.ActiveCfg = Debug|Win32
		{6557C97B-E02F-38D8-9C4E-0987622C4357}.Debug|Win32.Build.0 = Debug|Win32
		{6557C97B-E02F-38D8-9C4E-0987622C4357}.Release|Win32.ActiveCfg = Release|Win32
		{6557C97B-E02F-38D8-9C4E-0987622C4357}.Release|Win32.Build.0 = Release|Win32
		{E98350C7-1086-31D9-9DA7-D0420767B2CA}.Debug|Win32.ActiveCfg = Debug|Win32
		{E98350C7-1086-31D9-9DA7-D0420767B2CA}.Debug|Win32.Build.0 = Debug|Win32
		{E98350C7-1086-31D9-9DA7-D0420767B2CA}.Release|Win32.ActiveCfg = Release|Win32
		{E98350C7-1086-31D9-9DA7-D0420767B2CA}.Release|Win32.Build.0 = Release|Win32
		{EFD96831-A346-3438-8D35-80DDDD3144F0}.Debug|Win32.ActiveCfg = Debug|Win32
		{EFD96831-A346-3438-8D35-80DDDD3144F0}.Debug|Win32.Build.0 = Debug|Win32
		{EFD96831-A346-3438-8D35-80DDDD3144F0}.Release|Win32.ActiveCfg = Release|Win32
		{EFD96831-A346-3438-8D35-80DDDD3144F0}.Release|Win32.Build.0 = Release|Win32
		{A0E8953A-0965-3B54-961F-8B4714FC58F3}.Debug|Win32.ActiveCfg = Debug|Win32
		{A0E8953A-0965-3B54-961F-8B4714FC58F3}.Debug|Win32.Build.0 = Debug|Win32
		{A0E8953A-0965-3B54-961F-8B4714FC58F3}.Release|Win32.ActiveCfg = Release|Win32
		{A0E8953A-0965-3B54-961F-8B4714FC58F3}.Release|Win32.Build.0 = Release|Win32
		{B56EEC2C-21C2-3A7F-9324-01B61C157055}.Debug|Win32.ActiveCfg = Debug|Win32
		{B56EEC2C-21C2-3A7F-9324-01B61C157055}.Debug|Win32.Build.0 = Debug|Win32
		{B56EEC2C-21C2-3A7F-9324-01B61C157055}.Release|Win32.ActiveCfg = Release|Win32
		{B56EEC2C-21C2-3A7F-9324-01B61C157055}.Release|Win32.Build.0 = Release|Win32
		{0FE619AC-47C5-334B-95C4-C9B0BE1DF160}.Debug|Win32.ActiveCfg = Debug|Win32
		{0FE619AC-47C5-334B-95C4-C9B0BE1DF160}.Debug|Win32.Build.0 = Debug|Win32
		{0FE619AC-47C5-334B-95C4-C9B0BE1DF160}.Release|Win32.ActiveCfg = Release|Win32
		{0FE619AC-47C5-334B-95C4-C9B0BE1DF160}.Release|Win32.Build.0 = Release|Win32
		{1D73CA3E-D0AB-3005-A451-AE2374A772B2}.Debug|Win32.ActiveCfg = Debug|Win32
		{1D73CA3E-D0AB-3005-A451-AE2374A772B2}.Debug|Win32.Build.0 = Debug|Win32
		{1D73CA3E-D0AB-3005-A451-AE2374A772B2}.Release|Win32.ActiveCfg = Release|Win32
		{1D73CA3E-D0AB-3005-A451-AE2374A772B2}.Release|Win32.Build.0 = Release|Win32
		{1A3F62CA-7C6A-3657-A790-83852622E76D}.Debug|Win32.ActiveCfg = Debug|Win32
		{1A3F62CA-7C6A-3657-A790-83852622E76D}.Debug|Win32.Build.0 = Debug|Win32
		{1A3F62CA-7C6A-3657-A790-83852622E76D}.Release|Win32.ActiveCfg = Release|Win32
		{1A3F62CA-7C6A-3657-A790-83852622E76D}.Release|Win32.Build.0 = Release|Win32
		{FE6C7135-FB7A-375F-9C19-BC51ACF0FA5F}.Debug|Win32.ActiveCfg = Debug|Win32
		{FE6C7135-FB7A-375F-9C19-BC51ACF0FA5F}.Debug|Win32.Build.0 = Debug|Win32
		{FE6C7135-FB7A-375F-9C19-BC51ACF0FA5F}.Release|Win32.ActiveCfg = Release|Win32
		{FE6C7135-FB7A-375F-9C19-BC51ACF0FA5F}.Release|Win32.Build.0 = Release|Win32
		{B7430226-83F9-3C49-999A-665FD4A344A1}.Debug|Win32.ActiveCfg = Debug|Win32
		{B7430226-83F9-3C49-999A-665FD4A344A1}.Debug|Win32.Build.0 = Debug|Win32
		{B7430226-83F9-3C49-999A-665FD4A344A1}.Release|Win32.ActiveCfg = Release|Win32
		{B7430226-83F9-3C49-999A-665FD4A344A1}.Release|Win32.Build.0 = Release|Win32
		{2F411BC9-ED00-3F19-B88E-E27963BD049A}.Debug|Win32.ActiveCfg = Debug|Win32
		{2F411BC9-ED00-3F19-B88E-E27963BD049A}.Debug|Win32.Build.0 = Debug|Win32
		{2F411BC9-ED00-3F19-B88E-E27963BD049A}.Release|Win32.ActiveCfg = Release|Win32
		{2F411BC9-ED00-3F19-B88E-E27963BD049A}.Release|Win32.Build.0 = Release|Win32
		{2EF7BAA3-07BE-34F8-A2A1-CBCFB974549F}.Debug|Win32.ActiveCfg = Debug|Win32
		{2EF7BAA3-07BE-34F8-A2A1-CBCFB974549F}.Debug|Win32.Build.0 = Debug|Win32
		{2EF7BAA3-07BE-34F8-A2A1-CBCFB974549F}.Release|Win32.ActiveCfg = Release|Win32
		{2EF7BAA3-07BE-34F8-A2A1-CBCFB974549F}.Release|Win32.Build.0 = Release|Win32
		{B3220396-7943-3097-9459-AA966C6D1386}.Debug|Win32.ActiveCfg = Debug|Win32
		{B3220396-7943-3097-9459-AA966C6D1386}.Debug|Win32.Build.0 = Debug|Win32
		{B3220396-7943-3097-9459-AA966C6D1386}.Release|Win32.ActiveCfg = Release|Win32
		{B3220396-7943-3097-9459-AA966C6D1386}.Release|Win32.Build.0 = Release|Win32
		{624CB80B-2849-3442-AD46-DDC0982B7E08}.Debug|Win32.ActiveCfg = Debug|Win32
		{624CB80B-2849-3442-AD46-DDC0982B7E08}.Debug|Win32.Build.0 = Debug|Win32
		{624CB80B-2849-3442-AD46-DDC0982B7E08}.Release|Win32.ActiveCfg = Release|Win32
		{624CB80B-2849-3442-AD46-DDC0982B7E08}.Release|Win32.Build.0 = Release|Win32
		{5653A0BF-78E0-3B08-873C-42E656F1C2D3}.Debug|Win32.ActiveCfg = Debug|Win32
		{5653A0BF-78E0-3B08-873C-42E656F1C2D3}.Debug|Win32.Build.0 = Debug|Win32
		{5653A0BF-78E0-3B08-873C-42E656F1C2D3}.Release|Win32.ActiveCfg = Release|Win32
		{5653A0BF-78E0-3B08-873C-42E656F1C2D3}.Release|Win32.Build.0 = Release|Win32
		{9ADBC2E2-C4FF-3B37-AD23-C1D61F368502}.Debug|Win32.ActiveCfg = Debug|Win32
		{9ADBC2E2-C4FF-3B37-AD23-C1D61F368502}.Debug|Win32.Build.0 = Debug|Win32
		{9ADBC2E2-C4FF-3B37-AD23-C1D61F368502}.Release|Win32.ActiveCfg = Release|Win32
		{9ADBC2E2-C4FF-3B37-AD23-C1D61F368502}.Release|Win32.Build.0 = Release|Win32
		{9610E044-ED81-3610-AD0B-24E7D01EB370}.Debug|Win32.ActiveCfg = Debug|Win32
		{9610E044-ED81-3610-AD0B-24E7D01EB370}.Debug|Win32.Build.0 = Debug|Win32
		{9610E044-ED81-3610-AD0B-24E7D01EB370}.Release|Win32.ActiveCfg = Release|Win32
		{9610E044-ED81-3610-AD0B-24E7D01EB370}.Release|Win32.Build.0 = Release|Win32
		{A743C0E4-E795-3C2D-8AC0-DFD18B85DA05}.Debug|Win32.ActiveCfg = Debug|Win32
		{A743C0E4-E795-3C2D-8AC0-DFD18B85DA05}.Debug|Win32.Build.0 = Debug|Win32
		{A743C0E4-E795-3C2D-8AC0-DFD18B85DA05}.Release|Win32.ActiveCfg = Release|Win32
		{A743C0E4-E795-3C2D-8AC0-DFD18B85DA05}.Release|Win32.Build.0 = Release|Win32
		{A292F2A5-CC84-39FB-84DD-C20F1BE4552B}.Debug|Win32.ActiveCfg = Debug|Win32
		{A292F2A5-CC84-39FB-84DD-C20F1BE4552B}.Debug|Win32.Build.0 = Debug|Win32
		{A292F2A5-CC84-39FB-84DD-C20F1BE4552B}.Release|Win32.ActiveCfg = Release|Win32
		{A292F2A5-CC84-39FB-84DD-C20F1BE4552B}.Release|Win32.Build.0 = Release|Win32
		{BB618B20-D6DE-3AFF-A0BB-A05443A7D7DC}.Debug|Win32.ActiveCfg = Debug|Win32
		{BB618B20-D6DE-3AFF-A0BB-A05443A7D7DC}.Debug|Win32.Build.0 = Debug|Win32
		{BB618B20-D6DE-3AFF-A0BB-A05443A7D7DC}.Release|Win32.ActiveCfg = Release|Win32
		{BB618B20-D6DE-3AFF-A0BB-A05443A7D7DC}.Release|Win32.Build.0 = Release|Win32
		{9D7BA2AA-0C90-3479-BE96-347A03C675CB}.Debug|Win32.ActiveCfg = Debug|Win32
		{9D7BA2AA-0C90-3479-BE96-347A03C675CB}.Debug|Win32.Build.0 = Debug|Win32
		{9D7BA2AA-0C90-3479-BE96-347A03C675CB}.Release|Win32.ActiveCfg = Release|Win32
		{9D7BA2AA-0C90-3479-BE96-347A03C675CB}.Release|Win32.Build.0 = Release|Win32
	EndGlobalSection
	GlobalSection(SolutionProperties) = preSolution
		HideSolutionNode = FALSE
	EndGlobalSection
	GlobalSection(NestedProjects) = preSolution
		{6557C97B-E02F-38D8-9C4E-0987622C4357} = {EB8567FC-4077-4A92-A572-7968EC9EC57D}
		{E98350C7-1086-31D9-9DA7-D0420767B2CA} = {EB8567FC-4077-4A92-A572-7968EC9EC57D}
		{EFD96831-A346-3438-8D35-80DDDD3144F0} = {EB8567FC-4077-4A92-A572-7968EC9EC57D}
		{A0E8953A-0965-3B54-961F-8B4714FC58F3} = {EB8567FC-4077-4A92-A572-7968EC9EC57D}
		{B56EEC2C-21C2-3A7F-9324-01B61C157055} = {EB8567FC-4077-4A92-A572-7968EC9EC57D}
		{0FE619AC-47C5-334B-95C4-C9B0BE1DF160} = {EB8567FC-4077-4A92-A572-7968EC9EC57D}
		{1D73CA3E-D0AB-3005-A451-AE2374A772B2} = {EB8567FC-4077-4A92-A572-7968EC9EC57D}
		{1A3F62CA-7C6A-3657-A790-83852622E76D} = {EB8567FC-4077-4A92-A572-7968EC9EC57D}
		{FE6C7135-FB7A-375F-9C19-BC51ACF0FA5F} = {EB8567FC-4077-4A92-A572-7968EC9EC57D}
		{B7430226-83F9-3C49-999A-665FD4A344A1} = {EB8567FC-4077-4A92-A572-7968EC9EC57D}
		{2F411BC9-ED00-3F19-B88E-E27963BD049A} = {EB8567FC-4077-4A92-A572-7968EC9EC57D}
		{2EF7BAA3-07BE-34F8-A2A1-CBCFB974549F} = {EB8567FC-4077-4A92-A572-7968EC9EC57D}
		{B3220396-7943-3097-9459-AA966C6D1386} = {EB8567FC-4077-4A92-A572-7968EC9EC57D}
		{624CB80B-2849-3442-AD46-DDC0982B7E08} = {EB8567FC-4077-4A92-A572-7968EC9EC57D}
		{5653A0BF-78E0-3B08-873C-42E656F1C2D3} = {EB8567FC-4077-4A92-A572-7968EC9EC57D}
		{9ADBC2E2-C4FF-3B37-AD23-C1D61F368502} = {EB8567FC-4077-4A92-A572-7968EC9EC57D}
		{9610E044-ED81-3610-AD0B-24E7D01EB370} = {EB8567FC-4077-4A92-A572-7968EC9EC57D}
		{A743C0E4-E795-3C2D-8AC0-DFD18B85DA05} = {EB8567FC-4077-4A92-A572-7968EC9EC57D}
		{A292F2A5-CC84-39FB-84DD-C20F1BE4552B} = {EB8567FC-4077-4A92-A572-7968EC9EC57D}
		{BB618B20-D6DE-3AFF-A0BB-A05443A7D7DC} = {EB8567FC-4077-4A92-A572-7968EC9EC57D}
		{9D7BA2AA-0C90-3479-BE96-347A03C675CB} = {EB8567FC-4077-4A92-A572-7968EC9EC57D}
	EndGlobalSection
	GlobalSection(ExtensibilityGlobals) = postSolution
		SolutionGuid = {A5DA91C5-4FAE-3932-B23F-860769A6BA47}
	EndGlobalSection
EndGlobal
